
Microsoft Visual Studio Solution File, Format Version 12.00
# Visual Studio Version 16
VisualStudioVersion = 16.0.33130.400
MinimumVisualStudioVersion = 10.0.40219.1
Project("{FAE04EC0-301F-11D3-BF4B-00C04F79EFBC}") = "NguyenDucHuy_0158", "NguyenDucHuy_0158\NguyenDucHuy_0158.csproj", "{9A6033FA-98B1-4ADD-8DB0-CFE91D6F7275}"
EndProject
Global
	GlobalSection(SolutionConfigurationPlatforms) = preSolution
		Debug|Any CPU = Debug|Any CPU
		Release|Any CPU = Release|Any CPU
	EndGlobalSection
	GlobalSection(ProjectConfigurationPlatforms) = postSolution
		{9A6033FA-98B1-4ADD-8DB0-CFE91D6F7275}.Debug|Any CPU.ActiveCfg = Debug|Any CPU
		{9A6033FA-98B1-4ADD-8DB0-CFE91D6F7275}.Debug|Any CPU.Build.0 = Debug|Any CPU
		{9A6033FA-98B1-4ADD-8DB0-CFE91D6F7275}.Release|Any CPU.ActiveCfg = Release|Any CPU
		{9A6033FA-98B1-4ADD-8DB0-CFE91D6F7275}.Release|Any CPU.Build.0 = Release|Any CPU
	EndGlobalSection
	GlobalSection(SolutionProperties) = preSolution
		HideSolutionNode = FALSE
	EndGlobalSection
	GlobalSection(ExtensibilityGlobals) = postSolution
		SolutionGuid = {1C9DB681-DEBC-4C3E-BAE3-977803263AF9}
	EndGlobalSection
EndGlobal
